
Microsoft Visual Studio Solution File, Format Version 12.00
# Visual Studio Version 17
VisualStudioVersion = 17.8.34330.188
MinimumVisualStudioVersion = 10.0.40219.1
Project("{9A19103F-16F7-4668-BE54-9A1E7A4F7556}") = "Customs_duty", "Customs_duty.csproj", "{EA23562B-4673-41E6-BD7A-FEBB7B572F72}"
EndProject
Global
	GlobalSection(SolutionConfigurationPlatforms) = preSolution
		Debug|Any CPU = Debug|Any CPU
		Release|Any CPU = Release|Any CPU
	EndGlobalSection
	GlobalSection(ProjectConfigurationPlatforms) = postSolution
		{EA23562B-4673-41E6-BD7A-FEBB7B572F72}.Debug|Any CPU.ActiveCfg = Debug|Any CPU
		{EA23562B-4673-41E6-BD7A-FEBB7B572F72}.Debug|Any CPU.Build.0 = Debug|Any CPU
		{EA23562B-4673-41E6-BD7A-FEBB7B572F72}.Release|Any CPU.ActiveCfg = Release|Any CPU
		{EA23562B-4673-41E6-BD7A-FEBB7B572F72}.Release|Any CPU.Build.0 = Release|Any CPU
	EndGlobalSection
	GlobalSection(SolutionProperties) = preSolution
		HideSolutionNode = FALSE
	EndGlobalSection
	GlobalSection(ExtensibilityGlobals) = postSolution
		SolutionGuid = {9283E019-09A5-4321-9FEC-8B15240CFD5F}
	EndGlobalSection
EndGlobal
